
Microsoft Visual Studio Solution File, Format Version 12.00
# Visual Studio Version 17
VisualStudioVersion = 17.1.32210.238
MinimumVisualStudioVersion = 10.0.40219.1
Project("{9A19103F-16F7-4668-BE54-9A1E7A4F7556}") = "WebAPI", "WebAPI\WebAPI.csproj", "{73D329CA-E3F4-483D-93F5-9D65FACC379F}"
EndProject
Project("{9A19103F-16F7-4668-BE54-9A1E7A4F7556}") = "WebAPI.Tests", "WebAPI.Tests\WebAPI.Tests.csproj", "{50F55DB4-314B-4A83-8099-57C42353DF63}"
EndProject
Global
	GlobalSection(SolutionConfigurationPlatforms) = preSolution
		Debug|Any CPU = Debug|Any CPU
		Release|Any CPU = Release|Any CPU
	EndGlobalSection
	GlobalSection(ProjectConfigurationPlatforms) = postSolution
		{73D329CA-E3F4-483D-93F5-9D65FACC379F}.Debug|Any CPU.ActiveCfg = Debug|Any CPU
		{73D329CA-E3F4-483D-93F5-9D65FACC379F}.Debug|Any CPU.Build.0 = Debug|Any CPU
		{73D329CA-E3F4-483D-93F5-9D65FACC379F}.Release|Any CPU.ActiveCfg = Release|Any CPU
		{73D329CA-E3F4-483D-93F5-9D65FACC379F}.Release|Any CPU.Build.0 = Release|Any CPU
		{50F55DB4-314B-4A83-8099-57C42353DF63}.Debug|Any CPU.ActiveCfg = Debug|Any CPU
		{50F55DB4-314B-4A83-8099-57C42353DF63}.Debug|Any CPU.Build.0 = Debug|Any CPU
		{50F55DB4-314B-4A83-8099-57C42353DF63}.Release|Any CPU.ActiveCfg = Release|Any CPU
		{50F55DB4-314B-4A83-8099-57C42353DF63}.Release|Any CPU.Build.0 = Release|Any CPU
	EndGlobalSection
	GlobalSection(SolutionProperties) = preSolution
		HideSolutionNode = FALSE
	EndGlobalSection
	GlobalSection(ExtensibilityGlobals) = postSolution
		SolutionGuid = {8D3FD95A-2117-4DEE-988A-F3659366E4D6}
	EndGlobalSection
EndGlobal
